{
  "object": {
    "pins": [
      {
        "package": "Keychainer",
        "repositoryURL": "https://github.com/Ryasnoy/Keychainer",
        "state": {
          "branch": "master",
          "revision": "2f1878caeedf1e604bc0bbdf3ceaca5748fc6ccf",
          "version": null
        }
      }
    ]
  },
  "version": 1
}
